Microsoft Visual Studio Solution File, Format Version 12.00
# Visual Studio Version 17
VisualStudioVersion = 17.5.2.0
MinimumVisualStudioVersion = 10.0.40219.1
Project("{FAE04EC0-301F-11D3-BF4B-00C04F79EFBC}") = "AssetMgmtApi", "AssetMgmtApi\AssetMgmtApi.csproj", "{25E43C93-48BD-E638-8A13-E74EBFE7A082}"
EndProject
Global
	GlobalSection(SolutionConfigurationPlatforms) = preSolution
		Debug|Any CPU = Debug|Any CPU
		Release|Any CPU = Release|Any CPU
	EndGlobalSection
	GlobalSection(ProjectConfigurationPlatforms) = postSolution
		{25E43C93-48BD-E638-8A13-E74EBFE7A082}.Debug|Any CPU.ActiveCfg = Debug|Any CPU
		{25E43C93-48BD-E638-8A13-E74EBFE7A082}.Debug|Any CPU.Build.0 = Debug|Any CPU
		{25E43C93-48BD-E638-8A13-E74EBFE7A082}.Release|Any CPU.ActiveCfg = Release|Any CPU
		{25E43C93-48BD-E638-8A13-E74EBFE7A082}.Release|Any CPU.Build.0 = Release|Any CPU
	EndGlobalSection
	GlobalSection(SolutionProperties) = preSolution
		HideSolutionNode = FALSE
	EndGlobalSection
	GlobalSection(ExtensibilityGlobals) = postSolution
		SolutionGuid = {871362C8-D681-4459-B50E-D3EFDC58A46E}
	EndGlobalSection
EndGlobal
